// !$*UTF8*$!
{
	archiveVersion = 1;
	classes = {
	};
	objectVersion = 56;
	objects = {

/* Begin PBXBuildFile section */
		561CD90629846691000ED5E2 /* RepositoriesListView.swift in Sources */ = {isa = PBXBuildFile; fileRef = 561CD90529846691000ED5E2 /* RepositoriesListView.swift */; };
		561CD90A298466DA000ED5E2 /* RepositoriesListViewModel.swift in Sources */ = {isa = PBXBuildFile; fileRef = 561CD909298466DA000ED5E2 /* RepositoriesListViewModel.swift */; };
		5689AED62982CC54004DA030 /* GitSearchApp.swift in Sources */ = {isa = PBXBuildFile; fileRef = 5689AED52982CC54004DA030 /* GitSearchApp.swift */; };
		5689AED82982CC54004DA030 /* ContentView.swift in Sources */ = {isa = PBXBuildFile; fileRef = 5689AED72982CC54004DA030 /* ContentView.swift */; };
		5689AEDA2982CC57004DA030 /* Assets.xcassets in Resources */ = {isa = PBXBuildFile; fileRef = 5689AED92982CC57004DA030 /* Assets.xcassets */; };
		5689AEDD2982CC57004DA030 /* Preview Assets.xcassets in Resources */ = {isa = PBXBuildFile; fileRef = 5689AEDC2982CC57004DA030 /* Preview Assets.xcassets */; };
		5689AEE82982CC57004DA030 /* GitSearchTests.swift in Sources */ = {isa = PBXBuildFile; fileRef = 5689AEE72982CC57004DA030 /* GitSearchTests.swift */; };
		5689AEF22982CC57004DA030 /* GitSearchUITests.swift in Sources */ = {isa = PBXBuildFile; fileRef = 5689AEF12982CC57004DA030 /* GitSearchUITests.swift */; };
		5689AEF42982CC57004DA030 /* GitSearchUITestsLaunchTests.swift in Sources */ = {isa = PBXBuildFile; fileRef = 5689AEF32982CC57004DA030 /* GitSearchUITestsLaunchTests.swift */; };
		5690C7FF2988136B00AAA23A /* GitRepoViewCell.swift in Sources */ = {isa = PBXBuildFile; fileRef = 5690C7FE2988136B00AAA23A /* GitRepoViewCell.swift */; };
		5690C8032988158F00AAA23A /* Repository.swift in Sources */ = {isa = PBXBuildFile; fileRef = 5690C8022988158F00AAA23A /* Repository.swift */; };
		5690C8072988220300AAA23A /* NetworkService.swift in Sources */ = {isa = PBXBuildFile; fileRef = 5690C8062988220300AAA23A /* NetworkService.swift */; };
		5690C8092988254900AAA23A /* NetworkClient.swift in Sources */ = {isa = PBXBuildFile; fileRef = 5690C8082988254900AAA23A /* NetworkClient.swift */; };
/* End PBXBuildFile section */

/* Begin PBXContainerItemProxy section */
		5689AEE42982CC57004DA030 /* PBXContainerItemProxy */ = {
			isa = PBXContainerItemProxy;
			containerPortal = 5689AECA2982CC54004DA030 /* Project object */;
			proxyType = 1;
			remoteGlobalIDString = 5689AED12982CC54004DA030;
			remoteInfo = GitSearch;
		};
		5689AEEE2982CC57004DA030 /* PBXContainerItemProxy */ = {
			isa = PBXContainerItemProxy;
			containerPortal = 5689AECA2982CC54004DA030 /* Project object */;
			proxyType = 1;
			remoteGlobalIDString = 5689AED12982CC54004DA030;
			remoteInfo = GitSearch;
		};
/* End PBXContainerItemProxy section */

/* Begin PBXFileReference section */
		561CD90529846691000ED5E2 /* RepositoriesListView.swift */ = {isa = PBXFileReference; lastKnownFileType = sourcecode.swift; path = RepositoriesListView.swift; sourceTree = "<group>"; };
		561CD909298466DA000ED5E2 /* RepositoriesListViewModel.swift */ = {isa = PBXFileReference; lastKnownFileType = sourcecode.swift; path = RepositoriesListViewModel.swift; sourceTree = "<group>"; };
		5689AED22982CC54004DA030 /* GitSearch.app */ = {isa = PBXFileReference; explicitFileType = wrapper.application; includeInIndex = 0; path = GitSearch.app; sourceTree = BUILT_PRODUCTS_DIR; };
		5689AED52982CC54004DA030 /* GitSearchApp.swift */ = {isa = PBXFileReference; lastKnownFileType = sourcecode.swift; path = GitSearchApp.swift; sourceTree = "<group>"; };
		5689AED72982CC54004DA030 /* ContentView.swift */ = {isa = PBXFileReference; lastKnownFileType = sourcecode.swift; path = ContentView.swift; sourceTree = "<group>"; };
		5689AED92982CC57004DA030 /* Assets.xcassets */ = {isa = PBXFileReference; lastKnownFileType = folder.assetcatalog; path = Assets.xcassets; sourceTree = "<group>"; };
		5689AEDC2982CC57004DA030 /* Preview Assets.xcassets */ = {isa = PBXFileReference; lastKnownFileType = folder.assetcatalog; path = "Preview Assets.xcassets"; sourceTree = "<group>"; };
		5689AEDE2982CC57004DA030 /* GitSearch.entitlements */ = {isa = PBXFileReference; lastKnownFileType = text.plist.entitlements; path = GitSearch.entitlements; sourceTree = "<group>"; };
		5689AEE32982CC57004DA030 /* GitSearchTests.xctest */ = {isa = PBXFileReference; explicitFileType = wrapper.cfbundle; includeInIndex = 0; path = GitSearchTests.xctest; sourceTree = BUILT_PRODUCTS_DIR; };
		5689AEE72982CC57004DA030 /* GitSearchTests.swift */ = {isa = PBXFileReference; lastKnownFileType = sourcecode.swift; path = GitSearchTests.swift; sourceTree = "<group>"; };
		5689AEED2982CC57004DA030 /* GitSearchUITests.xctest */ = {isa = PBXFileReference; explicitFileType = wrapper.cfbundle; includeInIndex = 0; path = GitSearchUITests.xctest; sourceTree = BUILT_PRODUCTS_DIR; };
		5689AEF12982CC57004DA030 /* GitSearchUITests.swift */ = {isa = PBXFileReference; lastKnownFileType = sourcecode.swift; path = GitSearchUITests.swift; sourceTree = "<group>"; };
		5689AEF32982CC57004DA030 /* GitSearchUITestsLaunchTests.swift */ = {isa = PBXFileReference; lastKnownFileType = sourcecode.swift; path = GitSearchUITestsLaunchTests.swift; sourceTree = "<group>"; };
		5690C7FE2988136B00AAA23A /* GitRepoViewCell.swift */ = {isa = PBXFileReference; lastKnownFileType = sourcecode.swift; path = GitRepoViewCell.swift; sourceTree = "<group>"; };
		5690C8022988158F00AAA23A /* Repository.swift */ = {isa = PBXFileReference; lastKnownFileType = sourcecode.swift; path = Repository.swift; sourceTree = "<group>"; };
		5690C8062988220300AAA23A /* NetworkService.swift */ = {isa = PBXFileReference; lastKnownFileType = sourcecode.swift; path = NetworkService.swift; sourceTree = "<group>"; };
		5690C8082988254900AAA23A /* NetworkClient.swift */ = {isa = PBXFileReference; lastKnownFileType = sourcecode.swift; path = NetworkClient.swift; sourceTree = "<group>"; };
/* End PBXFileReference section */

/* Begin PBXFrameworksBuildPhase section */
		5689AECF2982CC54004DA030 /* Frameworks */ = {
			isa = PBXFrameworksBuildPhase;
			buildActionMask = 2147483647;
			files = (
			);
			runOnlyForDeploymentPostprocessing = 0;
		};
		5689AEE02982CC57004DA030 /* Frameworks */ = {
			isa = PBXFrameworksBuildPhase;
			buildActionMask = 2147483647;
			files = (
			);
			runOnlyForDeploymentPostprocessing = 0;
		};
		5689AEEA2982CC57004DA030 /* Frameworks */ = {
			isa = PBXFrameworksBuildPhase;
			buildActionMask = 2147483647;
			files = (
			);
			runOnlyForDeploymentPostprocessing = 0;
		};
/* End PBXFrameworksBuildPhase section */

/* Begin PBXGroup section */
		561CD90729846696000ED5E2 /* Repositories view */ = {
			isa = PBXGroup;
			children = (
				561CD90529846691000ED5E2 /* RepositoriesListView.swift */,
				561CD909298466DA000ED5E2 /* RepositoriesListViewModel.swift */,
			);
			path = "Repositories view";
			sourceTree = "<group>";
		};
		561CD908298466B0000ED5E2 /* FrontEnd */ = {
			isa = PBXGroup;
			children = (
				5690C7FD2988135100AAA23A /* Views */,
				5690C7FC2988134A00AAA23A /* Components */,
			);
			path = FrontEnd;
			sourceTree = "<group>";
		};
		5689AEC92982CC54004DA030 = {
			isa = PBXGroup;
			children = (
				5689AED42982CC54004DA030 /* GitSearch */,
				5689AEE62982CC57004DA030 /* GitSearchTests */,
				5689AEF02982CC57004DA030 /* GitSearchUITests */,
				5689AED32982CC54004DA030 /* Products */,
			);
			sourceTree = "<group>";
		};
		5689AED32982CC54004DA030 /* Products */ = {
			isa = PBXGroup;
			children = (
				5689AED22982CC54004DA030 /* GitSearch.app */,
				5689AEE32982CC57004DA030 /* GitSearchTests.xctest */,
				5689AEED2982CC57004DA030 /* GitSearchUITests.xctest */,
			);
			name = Products;
			sourceTree = "<group>";
		};
		5689AED42982CC54004DA030 /* GitSearch */ = {
			isa = PBXGroup;
			children = (
				5690C8002988157500AAA23A /* Backend */,
				561CD908298466B0000ED5E2 /* FrontEnd */,
				5689AED52982CC54004DA030 /* GitSearchApp.swift */,
				5689AED72982CC54004DA030 /* ContentView.swift */,
				5689AED92982CC57004DA030 /* Assets.xcassets */,
				5689AEDE2982CC57004DA030 /* GitSearch.entitlements */,
				5689AEDB2982CC57004DA030 /* Preview Content */,
			);
			path = GitSearch;
			sourceTree = "<group>";
		};
		5689AEDB2982CC57004DA030 /* Preview Content */ = {
			isa = PBXGroup;
			children = (
				5689AEDC2982CC57004DA030 /* Preview Assets.xcassets */,
			);
			path = "Preview Content";
			sourceTree = "<group>";
		};
		5689AEE62982CC57004DA030 /* GitSearchTests */ = {
			isa = PBXGroup;
			children = (
				5689AEE72982CC57004DA030 /* GitSearchTests.swift */,
			);
			path = GitSearchTests;
			sourceTree = "<group>";
		};
		5689AEF02982CC57004DA030 /* GitSearchUITests */ = {
			isa = PBXGroup;
			children = (
				5689AEF12982CC57004DA030 /* GitSearchUITests.swift */,
				5689AEF32982CC57004DA030 /* GitSearchUITestsLaunchTests.swift */,
			);
			path = GitSearchUITests;
			sourceTree = "<group>";
		};
		5690C7FC2988134A00AAA23A /* Components */ = {
			isa = PBXGroup;
			children = (
				5690C7FE2988136B00AAA23A /* GitRepoViewCell.swift */,
			);
			path = Components;
			sourceTree = "<group>";
		};
		5690C7FD2988135100AAA23A /* Views */ = {
			isa = PBXGroup;
			children = (
				561CD90729846696000ED5E2 /* Repositories view */,
			);
			path = Views;
			sourceTree = "<group>";
		};
		5690C8002988157500AAA23A /* Backend */ = {
			isa = PBXGroup;
			children = (
				5690C80429881A6C00AAA23A /* Services */,
				5690C8012988157C00AAA23A /* Models */,
			);
			path = Backend;
			sourceTree = "<group>";
		};
		5690C8012988157C00AAA23A /* Models */ = {
			isa = PBXGroup;
			children = (
				5690C8022988158F00AAA23A /* Repository.swift */,
			);
			path = Models;
			sourceTree = "<group>";
		};
		5690C80429881A6C00AAA23A /* Services */ = {
			isa = PBXGroup;
			children = (
				5690C80529881B6500AAA23A /* APIServices */,
			);
			path = Services;
			sourceTree = "<group>";
		};
		5690C80529881B6500AAA23A /* APIServices */ = {
			isa = PBXGroup;
			children = (
				5690C8062988220300AAA23A /* NetworkService.swift */,
				5690C8082988254900AAA23A /* NetworkClient.swift */,
			);
			path = APIServices;
			sourceTree = "<group>";
		};
/* End PBXGroup section */

/* Begin PBXNativeTarget section */
		5689AED12982CC54004DA030 /* GitSearch */ = {
			isa = PBXNativeTarget;
			buildConfigurationList = 5689AEF72982CC57004DA030 /* Build configuration list for PBXNativeTarget "GitSearch" */;
			buildPhases = (
				5689AECE2982CC54004DA030 /* Sources */,
				5689AECF2982CC54004DA030 /* Frameworks */,
				5689AED02982CC54004DA030 /* Resources */,
			);
			buildRules = (
			);
			dependencies = (
			);
			name = GitSearch;
			productName = GitSearch;
			productReference = 5689AED22982CC54004DA030 /* GitSearch.app */;
			productType = "com.apple.product-type.application";
		};
		5689AEE22982CC57004DA030 /* GitSearchTests */ = {
			isa = PBXNativeTarget;
			buildConfigurationList = 5689AEFA2982CC57004DA030 /* Build configuration list for PBXNativeTarget "GitSearchTests" */;
			buildPhases = (
				5689AEDF2982CC57004DA030 /* Sources */,
				5689AEE02982CC57004DA030 /* Frameworks */,
				5689AEE12982CC57004DA030 /* Resources */,
			);
			buildRules = (
			);
			dependencies = (
				5689AEE52982CC57004DA030 /* PBXTargetDependency */,
			);
			name = GitSearchTests;
			productName = GitSearchTests;
			productReference = 5689AEE32982CC57004DA030 /* GitSearchTests.xctest */;
			productType = "com.apple.product-type.bundle.unit-test";
		};
		5689AEEC2982CC57004DA030 /* GitSearchUITests */ = {
			isa = PBXNativeTarget;
			buildConfigurationList = 5689AEFD2982CC57004DA030 /* Build configuration list for PBXNativeTarget "GitSearchUITests" */;
			buildPhases = (
				5689AEE92982CC57004DA030 /* Sources */,
				5689AEEA2982CC57004DA030 /* Frameworks */,
				5689AEEB2982CC57004DA030 /* Resources */,
			);
			buildRules = (
			);
			dependencies = (
				5689AEEF2982CC57004DA030 /* PBXTargetDependency */,
			);
			name = GitSearchUITests;
			productName = GitSearchUITests;
			productReference = 5689AEED2982CC57004DA030 /* GitSearchUITests.xctest */;
			productType = "com.apple.product-type.bundle.ui-testing";
		};
/* End PBXNativeTarget section */

/* Begin PBXProject section */
		5689AECA2982CC54004DA030 /* Project object */ = {
			isa = PBXProject;
			attributes = {
				BuildIndependentTargetsInParallel = 1;
				LastSwiftUpdateCheck = 1420;
				LastUpgradeCheck = 1420;
				TargetAttributes = {
					5689AED12982CC54004DA030 = {
						CreatedOnToolsVersion = 14.2;
					};
					5689AEE22982CC57004DA030 = {
						CreatedOnToolsVersion = 14.2;
						TestTargetID = 5689AED12982CC54004DA030;
					};
					5689AEEC2982CC57004DA030 = {
						CreatedOnToolsVersion = 14.2;
						TestTargetID = 5689AED12982CC54004DA030;
					};
				};
			};
			buildConfigurationList = 5689AECD2982CC54004DA030 /* Build configuration list for PBXProject "GitSearch" */;
			compatibilityVersion = "Xcode 14.0";
			developmentRegion = en;
			hasScannedForEncodings = 0;
			knownRegions = (
				en,
				Base,
			);
			mainGroup = 5689AEC92982CC54004DA030;
			productRefGroup = 5689AED32982CC54004DA030 /* Products */;
			projectDirPath = "";
			projectRoot = "";
			targets = (
				5689AED12982CC54004DA030 /* GitSearch */,
				5689AEE22982CC57004DA030 /* GitSearchTests */,
				5689AEEC2982CC57004DA030 /* GitSearchUITests */,
			);
		};
/* End PBXProject section */

/* Begin PBXResourcesBuildPhase section */
		5689AED02982CC54004DA030 /* Resources */ = {
			isa = PBXResourcesBuildPhase;
			buildActionMask = 2147483647;
			files = (
				5689AEDD2982CC57004DA030 /* Preview Assets.xcassets in Resources */,
				5689AEDA2982CC57004DA030 /* Assets.xcassets in Resources */,
			);
			runOnlyForDeploymentPostprocessing = 0;
		};
		5689AEE12982CC57004DA030 /* Resources */ = {
			isa = PBXResourcesBuildPhase;
			buildActionMask = 2147483647;
			files = (
			);
			runOnlyForDeploymentPostprocessing = 0;
		};
		5689AEEB2982CC57004DA030 /* Resources */ = {
			isa = PBXResourcesBuildPhase;
			buildActionMask = 2147483647;
			files = (
			);
			runOnlyForDeploymentPostprocessing = 0;
		};
/* End PBXResourcesBuildPhase section */

/* Begin PBXSourcesBuildPhase section */
		5689AECE2982CC54004DA030 /* Sources */ = {
			isa = PBXSourcesBuildPhase;
			buildActionMask = 2147483647;
			files = (
				5689AED82982CC54004DA030 /* ContentView.swift in Sources */,
				561CD90629846691000ED5E2 /* RepositoriesListView.swift in Sources */,
				5690C7FF2988136B00AAA23A /* GitRepoViewCell.swift in Sources */,
				561CD90A298466DA000ED5E2 /* RepositoriesListViewModel.swift in Sources */,
				5689AED62982CC54004DA030 /* GitSearchApp.swift in Sources */,
				5690C8032988158F00AAA23A /* Repository.swift in Sources */,
				5690C8072988220300AAA23A /* NetworkService.swift in Sources */,
				5690C8092988254900AAA23A /* NetworkClient.swift in Sources */,
			);
			runOnlyForDeploymentPostprocessing = 0;
		};
		5689AEDF2982CC57004DA030 /* Sources */ = {
			isa = PBXSourcesBuildPhase;
			buildActionMask = 2147483647;
			files = (
				5689AEE82982CC57004DA030 /* GitSearchTests.swift in Sources */,
			);
			runOnlyForDeploymentPostprocessing = 0;
		};
		5689AEE92982CC57004DA030 /* Sources */ = {
			isa = PBXSourcesBuildPhase;
			buildActionMask = 2147483647;
			files = (
				5689AEF22982CC57004DA030 /* GitSearchUITests.swift in Sources */,
				5689AEF42982CC57004DA030 /* GitSearchUITestsLaunchTests.swift in Sources */,
			);
			runOnlyForDeploymentPostprocessing = 0;
		};
/* End PBXSourcesBuildPhase section */

/* Begin PBXTargetDependency section */
		5689AEE52982CC57004DA030 /* PBXTargetDependency */ = {
			isa = PBXTargetDependency;
			target = 5689AED12982CC54004DA030 /* GitSearch */;
			targetProxy = 5689AEE42982CC57004DA030 /* PBXContainerItemProxy */;
		};
		5689AEEF2982CC57004DA030 /* PBXTargetDependency */ = {
			isa = PBXTargetDependency;
			target = 5689AED12982CC54004DA030 /* GitSearch */;
			targetProxy = 5689AEEE2982CC57004DA030 /* PBXContainerItemProxy */;
		};
/* End PBXTargetDependency section */

/* Begin XCBuildConfiguration section */
		5689AEF52982CC57004DA030 /* Debug */ = {
			isa = XCBuildConfiguration;
			buildSettings = {
				ALWAYS_SEARCH_USER_PATHS = NO;
				CLANG_ANALYZER_NONNULL = YES;
				CLANG_ANALYZER_NUMBER_OBJECT_CONVERSION = YES_AGGRESSIVE;
				CLANG_CXX_LANGUAGE_STANDARD = "gnu++20";
				CLANG_ENABLE_MODULES = YES;
				CLANG_ENABLE_OBJC_ARC = YES;
				CLANG_ENABLE_OBJC_WEAK = YES;
				CLANG_WARN_BLOCK_CAPTURE_AUTORELEASING = YES;
				CLANG_WARN_BOOL_CONVERSION = YES;
				CLANG_WARN_COMMA = YES;
				CLANG_WARN_CONSTANT_CONVERSION = YES;
				CLANG_WARN_DEPRECATED_OBJC_IMPLEMENTATIONS = YES;
				CLANG_WARN_DIRECT_OBJC_ISA_USAGE = YES_ERROR;
				CLANG_WARN_DOCUMENTATION_COMMENTS = YES;
				CLANG_WARN_EMPTY_BODY = YES;
				CLANG_WARN_ENUM_CONVERSION = YES;
				CLANG_WARN_INFINITE_RECURSION = YES;
				CLANG_WARN_INT_CONVERSION = YES;
				CLANG_WARN_NON_LITERAL_NULL_CONVERSION = YES;
				CLANG_WARN_OBJC_IMPLICIT_RETAIN_SELF = YES;
				CLANG_WARN_OBJC_LITERAL_CONVERSION = YES;
				CLANG_WARN_OBJC_ROOT_CLASS = YES_ERROR;
				CLANG_WARN_QUOTED_INCLUDE_IN_FRAMEWORK_HEADER = YES;
				CLANG_WARN_RANGE_LOOP_ANALYSIS = YES;
				CLANG_WARN_STRICT_PROTOTYPES = YES;
				CLANG_WARN_SUSPICIOUS_MOVE = YES;
				CLANG_WARN_UNGUARDED_AVAILABILITY = YES_AGGRESSIVE;
				CLANG_WARN_UNREACHABLE_CODE = YES;
				CLANG_WARN__DUPLICATE_METHOD_MATCH = YES;
				COPY_PHASE_STRIP = NO;
				DEBUG_INFORMATION_FORMAT = dwarf;
				ENABLE_STRICT_OBJC_MSGSEND = YES;
				ENABLE_TESTABILITY = YES;
				GCC_C_LANGUAGE_STANDARD = gnu11;
				GCC_DYNAMIC_NO_PIC = NO;
				GCC_NO_COMMON_BLOCKS = YES;
				GCC_OPTIMIZATION_LEVEL = 0;
				GCC_PREPROCESSOR_DEFINITIONS = (
					"DEBUG=1",
					"$(inherited)",
				);
				GCC_WARN_64_TO_32_BIT_CONVERSION = YES;
				GCC_WARN_ABOUT_RETURN_TYPE = YES_ERROR;
				GCC_WARN_UNDECLARED_SELECTOR = YES;
				GCC_WARN_UNINITIALIZED_AUTOS = YES_AGGRESSIVE;
				GCC_WARN_UNUSED_FUNCTION = YES;
				GCC_WARN_UNUSED_VARIABLE = YES;
				MACOSX_DEPLOYMENT_TARGET = 13.1;
				MTL_ENABLE_DEBUG_INFO = INCLUDE_SOURCE;
				MTL_FAST_MATH = YES;
				ONLY_ACTIVE_ARCH = YES;
				SDKROOT = macosx;
				SWIFT_ACTIVE_COMPILATION_CONDITIONS = DEBUG;
				SWIFT_OPTIMIZATION_LEVEL = "-Onone";
			};
			name = Debug;
		};
		5689AEF62982CC57004DA030 /* Release */ = {
			isa = XCBuildConfiguration;
			buildSettings = {
				ALWAYS_SEARCH_USER_PATHS = NO;
				CLANG_ANALYZER_NONNULL = YES;
				CLANG_ANALYZER_NUMBER_OBJECT_CONVERSION = YES_AGGRESSIVE;
				CLANG_CXX_LANGUAGE_STANDARD = "gnu++20";
				CLANG_ENABLE_MODULES = YES;
				CLANG_ENABLE_OBJC_ARC = YES;
				CLANG_ENABLE_OBJC_WEAK = YES;
				CLANG_WARN_BLOCK_CAPTURE_AUTORELEASING = YES;
				CLANG_WARN_BOOL_CONVERSION = YES;
				CLANG_WARN_COMMA = YES;
				CLANG_WARN_CONSTANT_CONVERSION = YES;
				CLANG_WARN_DEPRECATED_OBJC_IMPLEMENTATIONS = YES;
				CLANG_WARN_DIRECT_OBJC_ISA_USAGE = YES_ERROR;
				CLANG_WARN_DOCUMENTATION_COMMENTS = YES;
				CLANG_WARN_EMPTY_BODY = YES;
				CLANG_WARN_ENUM_CONVERSION = YES;
				CLANG_WARN_INFINITE_RECURSION = YES;
				CLANG_WARN_INT_CONVERSION = YES;
				CLANG_WARN_NON_LITERAL_NULL_CONVERSION = YES;
				CLANG_WARN_OBJC_IMPLICIT_RETAIN_SELF = YES;
				CLANG_WARN_OBJC_LITERAL_CONVERSION = YES;
				CLANG_WARN_OBJC_ROOT_CLASS = YES_ERROR;
				CLANG_WARN_QUOTED_INCLUDE_IN_FRAMEWORK_HEADER = YES;
				CLANG_WARN_RANGE_LOOP_ANALYSIS = YES;
				CLANG_WARN_STRICT_PROTOTYPES = YES;
				CLANG_WARN_SUSPICIOUS_MOVE = YES;
				CLANG_WARN_UNGUARDED_AVAILABILITY = YES_AGGRESSIVE;
				CLANG_WARN_UNREACHABLE_CODE = YES;
				CLANG_WARN__DUPLICATE_METHOD_MATCH = YES;
				COPY_PHASE_STRIP = NO;
				DEBUG_INFORMATION_FORMAT = "dwarf-with-dsym";
				ENABLE_NS_ASSERTIONS = NO;
				ENABLE_STRICT_OBJC_MSGSEND = YES;
				GCC_C_LANGUAGE_STANDARD = gnu11;
				GCC_NO_COMMON_BLOCKS = YES;
				GCC_WARN_64_TO_32_BIT_CONVERSION = YES;
				GCC_WARN_ABOUT_RETURN_TYPE = YES_ERROR;
				GCC_WARN_UNDECLARED_SELECTOR = YES;
				GCC_WARN_UNINITIALIZED_AUTOS = YES_AGGRESSIVE;
				GCC_WARN_UNUSED_FUNCTION = YES;
				GCC_WARN_UNUSED_VARIABLE = YES;
				MACOSX_DEPLOYMENT_TARGET = 13.1;
				MTL_ENABLE_DEBUG_INFO = NO;
				MTL_FAST_MATH = YES;
				SDKROOT = macosx;
				SWIFT_COMPILATION_MODE = wholemodule;
				SWIFT_OPTIMIZATION_LEVEL = "-O";
			};
			name = Release;
		};
		5689AEF82982CC57004DA030 /* Debug */ = {
			isa = XCBuildConfiguration;
			buildSettings = {
				ASSETCATALOG_COMPILER_APPICON_NAME = AppIcon;
				ASSETCATALOG_COMPILER_GLOBAL_ACCENT_COLOR_NAME = AccentColor;
				CODE_SIGN_ENTITLEMENTS = GitSearch/GitSearch.entitlements;
				CODE_SIGN_STYLE = Automatic;
				COMBINE_HIDPI_IMAGES = YES;
				CURRENT_PROJECT_VERSION = 1;
				DEVELOPMENT_ASSET_PATHS = "\"GitSearch/Preview Content\"";
				DEVELOPMENT_TEAM = SV27Y5WTR5;
				ENABLE_HARDENED_RUNTIME = YES;
				ENABLE_PREVIEWS = YES;
				GENERATE_INFOPLIST_FILE = YES;
				INFOPLIST_KEY_NSHumanReadableCopyright = "";
				LD_RUNPATH_SEARCH_PATHS = (
					"$(inherited)",
					"@executable_path/../Frameworks",
				);
				MARKETING_VERSION = 1.0;
				PRODUCT_BUNDLE_IDENTIFIER = ForwardStudios.GitSearch;
				PRODUCT_NAME = "$(TARGET_NAME)";
				SUPPORTED_PLATFORMS = "iphoneos iphonesimulator";
				SUPPORTS_MACCATALYST = NO;
				SUPPORTS_MAC_DESIGNED_FOR_IPHONE_IPAD = NO;
				SWIFT_EMIT_LOC_STRINGS = YES;
				SWIFT_VERSION = 5.0;
				TARGETED_DEVICE_FAMILY = 1;
			};
			name = Debug;
		};
		5689AEF92982CC57004DA030 /* Release */ = {
			isa = XCBuildConfiguration;
			buildSettings = {
				ASSETCATALOG_COMPILER_APPICON_NAME = AppIcon;
				ASSETCATALOG_COMPILER_GLOBAL_ACCENT_COLOR_NAME = AccentColor;
				CODE_SIGN_ENTITLEMENTS = GitSearch/GitSearch.entitlements;
				CODE_SIGN_STYLE = Automatic;
				COMBINE_HIDPI_IMAGES = YES;
				CURRENT_PROJECT_VERSION = 1;
				DEVELOPMENT_ASSET_PATHS = "\"GitSearch/Preview Content\"";
				DEVELOPMENT_TEAM = SV27Y5WTR5;
				ENABLE_HARDENED_RUNTIME = YES;
				ENABLE_PREVIEWS = YES;
				GENERATE_INFOPLIST_FILE = YES;
				INFOPLIST_KEY_NSHumanReadableCopyright = "";
				LD_RUNPATH_SEARCH_PATHS = (
					"$(inherited)",
					"@executable_path/../Frameworks",
				);
				MARKETING_VERSION = 1.0;
				PRODUCT_BUNDLE_IDENTIFIER = ForwardStudios.GitSearch;
				PRODUCT_NAME = "$(TARGET_NAME)";
				SUPPORTED_PLATFORMS = "iphoneos iphonesimulator";
				SUPPORTS_MACCATALYST = NO;
				SUPPORTS_MAC_DESIGNED_FOR_IPHONE_IPAD = NO;
				SWIFT_EMIT_LOC_STRINGS = YES;
				SWIFT_VERSION = 5.0;
				TARGETED_DEVICE_FAMILY = 1;
			};
			name = Release;
		};
		5689AEFB2982CC57004DA030 /* Debug */ = {
			isa = XCBuildConfiguration;
			buildSettings = {
				ALWAYS_EMBED_SWIFT_STANDARD_LIBRARIES = YES;
				BUNDLE_LOADER = "$(TEST_HOST)";
				CODE_SIGN_STYLE = Automatic;
				CURRENT_PROJECT_VERSION = 1;
				DEVELOPMENT_TEAM = SV27Y5WTR5;
				GENERATE_INFOPLIST_FILE = YES;
				MACOSX_DEPLOYMENT_TARGET = 13.1;
				MARKETING_VERSION = 1.0;
				PRODUCT_BUNDLE_IDENTIFIER = ForwardStudios.GitSearchTests;
				PRODUCT_NAME = "$(TARGET_NAME)";
				SWIFT_EMIT_LOC_STRINGS = NO;
				SWIFT_VERSION = 5.0;
				TEST_HOST = "$(BUILT_PRODUCTS_DIR)/GitSearch.app/$(BUNDLE_EXECUTABLE_FOLDER_PATH)/GitSearch";
			};
			name = Debug;
		};
		5689AEFC2982CC57004DA030 /* Release */ = {
			isa = XCBuildConfiguration;
			buildSettings = {
				ALWAYS_EMBED_SWIFT_STANDARD_LIBRARIES = YES;
				BUNDLE_LOADER = "$(TEST_HOST)";
				CODE_SIGN_STYLE = Automatic;
				CURRENT_PROJECT_VERSION = 1;
				DEVELOPMENT_TEAM = SV27Y5WTR5;
				GENERATE_INFOPLIST_FILE = YES;
				MACOSX_DEPLOYMENT_TARGET = 13.1;
				MARKETING_VERSION = 1.0;
				PRODUCT_BUNDLE_IDENTIFIER = ForwardStudios.GitSearchTests;
				PRODUCT_NAME = "$(TARGET_NAME)";
				SWIFT_EMIT_LOC_STRINGS = NO;
				SWIFT_VERSION = 5.0;
				TEST_HOST = "$(BUILT_PRODUCTS_DIR)/GitSearch.app/$(BUNDLE_EXECUTABLE_FOLDER_PATH)/GitSearch";
			};
			name = Release;
		};
		5689AEFE2982CC57004DA030 /* Debug */ = {
			isa = XCBuildConfiguration;
			buildSettings = {
				ALWAYS_EMBED_SWIFT_STANDARD_LIBRARIES = YES;
				CODE_SIGN_STYLE = Automatic;
				CURRENT_PROJECT_VERSION = 1;
				DEVELOPMENT_TEAM = SV27Y5WTR5;
				GENERATE_INFOPLIST_FILE = YES;
				MARKETING_VERSION = 1.0;
				PRODUCT_BUNDLE_IDENTIFIER = ForwardStudios.GitSearchUITests;
				PRODUCT_NAME = "$(TARGET_NAME)";
				SWIFT_EMIT_LOC_STRINGS = NO;
				SWIFT_VERSION = 5.0;
				TEST_TARGET_NAME = GitSearch;
			};
			name = Debug;
		};
		5689AEFF2982CC57004DA030 /* Release */ = {
			isa = XCBuildConfiguration;
			buildSettings = {
				ALWAYS_EMBED_SWIFT_STANDARD_LIBRARIES = YES;
				CODE_SIGN_STYLE = Automatic;
				CURRENT_PROJECT_VERSION = 1;
				DEVELOPMENT_TEAM = SV27Y5WTR5;
				GENERATE_INFOPLIST_FILE = YES;
				MARKETING_VERSION = 1.0;
				PRODUCT_BUNDLE_IDENTIFIER = ForwardStudios.GitSearchUITests;
				PRODUCT_NAME = "$(TARGET_NAME)";
				SWIFT_EMIT_LOC_STRINGS = NO;
				SWIFT_VERSION = 5.0;
				TEST_TARGET_NAME = GitSearch;
			};
			name = Release;
		};
/* End XCBuildConfiguration section */

/* Begin XCConfigurationList section */
		5689AECD2982CC54004DA030 /* Build configuration list for PBXProject "GitSearch" */ = {
			isa = XCConfigurationList;
			buildConfigurations = (
				5689AEF52982CC57004DA030 /* Debug */,
				5689AEF62982CC57004DA030 /* Release */,
			);
			defaultConfigurationIsVisible = 0;
			defaultConfigurationName = Release;
		};
		5689AEF72982CC57004DA030 /* Build configuration list for PBXNativeTarget "GitSearch" */ = {
			isa = XCConfigurationList;
			buildConfigurations = (
				5689AEF82982CC57004DA030 /* Debug */,
				5689AEF92982CC57004DA030 /* Release */,
			);
			defaultConfigurationIsVisible = 0;
			defaultConfigurationName = Release;
		};
		5689AEFA2982CC57004DA030 /* Build configuration list for PBXNativeTarget "GitSearchTests" */ = {
			isa = XCConfigurationList;
			buildConfigurations = (
				5689AEFB2982CC57004DA030 /* Debug */,
				5689AEFC2982CC57004DA030 /* Release */,
			);
			defaultConfigurationIsVisible = 0;
			defaultConfigurationName = Release;
		};
		5689AEFD2982CC57004DA030 /* Build configuration list for PBXNativeTarget "GitSearchUITests" */ = {
			isa = XCConfigurationList;
			buildConfigurations = (
				5689AEFE2982CC57004DA030 /* Debug */,
				5689AEFF2982CC57004DA030 /* Release */,
			);
			defaultConfigurationIsVisible = 0;
			defaultConfigurationName = Release;
		};
/* End XCConfigurationList section */
	};
	rootObject = 5689AECA2982CC54004DA030 /* Project object */;
}
