// !$*UTF8*$!
{
	archiveVersion = 1;
	classes = {
	};
	objectVersion = 56;
	objects = {

/* Begin PBXBuildFile section */
		56447156298D888100E3EA42 /* QueryState.swift in Sources */ = {isa = PBXBuildFile; fileRef = 56447155298D888100E3EA42 /* QueryState.swift */; };
		56A3CE51298F7B1E00D07D63 /* RepositoryView.swift in Sources */ = {isa = PBXBuildFile; fileRef = 56A3CE50298F7B1E00D07D63 /* RepositoryView.swift */; };
		56A3CE53298F7B2900D07D63 /* RepositoryViewModel.swift in Sources */ = {isa = PBXBuildFile; fileRef = 56A3CE52298F7B2900D07D63 /* RepositoryViewModel.swift */; };
		56A9CC9F299AA056009C628D /* RepositoriesListViewModelTests.swift in Sources */ = {isa = PBXBuildFile; fileRef = 56A9CC9E299AA056009C628D /* RepositoriesListViewModelTests.swift */; };
		56A9CCA8299AA5ED009C628D /* RepositoryViewModelTests.swift in Sources */ = {isa = PBXBuildFile; fileRef = 56A9CCA7299AA5ED009C628D /* RepositoryViewModelTests.swift */; };
		56A9CCAD299AA7E1009C628D /* QueryStateTests.swift in Sources */ = {isa = PBXBuildFile; fileRef = 56A9CCAC299AA7E1009C628D /* QueryStateTests.swift */; };
		56A9CCAF299AA9F4009C628D /* RepositoryTests.swift in Sources */ = {isa = PBXBuildFile; fileRef = 56A9CCAE299AA9F4009C628D /* RepositoryTests.swift */; };
		56EDCFA329896E5000933D4F /* HomeView.swift in Sources */ = {isa = PBXBuildFile; fileRef = 5689AED72982CC54004DA030 /* HomeView.swift */; };
		56EDCFA429896E5500933D4F /* GitSearchApp.swift in Sources */ = {isa = PBXBuildFile; fileRef = 5689AED52982CC54004DA030 /* GitSearchApp.swift */; };
		56EDCFA529896E5800933D4F /* GitRepoViewCell.swift in Sources */ = {isa = PBXBuildFile; fileRef = 5690C7FE2988136B00AAA23A /* GitRepoViewCell.swift */; };
		56EDCFA629896E5B00933D4F /* RepositoriesListViewModel.swift in Sources */ = {isa = PBXBuildFile; fileRef = 561CD909298466DA000ED5E2 /* RepositoriesListViewModel.swift */; };
		56EDCFA729896E5D00933D4F /* RepositoriesListView.swift in Sources */ = {isa = PBXBuildFile; fileRef = 561CD90529846691000ED5E2 /* RepositoriesListView.swift */; };
		56EDCFA829896E6400933D4F /* Date+StringFormats.swift in Sources */ = {isa = PBXBuildFile; fileRef = 5690C80B298833D300AAA23A /* Date+StringFormats.swift */; };
		56EDCFA929896E6600933D4F /* NetworkService.swift in Sources */ = {isa = PBXBuildFile; fileRef = 5690C8062988220300AAA23A /* NetworkService.swift */; };
		56EDCFAA29896E6900933D4F /* NetworkClient.swift in Sources */ = {isa = PBXBuildFile; fileRef = 5690C8082988254900AAA23A /* NetworkClient.swift */; };
		56EDCFAB29896F3D00933D4F /* Repository.swift in Sources */ = {isa = PBXBuildFile; fileRef = 5690C8022988158F00AAA23A /* Repository.swift */; };
		56EDCFAE29897B1400933D4F /* Future+AsyncWrapper.swift in Sources */ = {isa = PBXBuildFile; fileRef = 56EDCFAD29897B1400933D4F /* Future+AsyncWrapper.swift */; };
/* End PBXBuildFile section */

/* Begin PBXContainerItemProxy section */
		56EDCF8929896D9E00933D4F /* PBXContainerItemProxy */ = {
			isa = PBXContainerItemProxy;
			containerPortal = 5689AECA2982CC54004DA030 /* Project object */;
			proxyType = 1;
			remoteGlobalIDString = 56EDCF7829896D9B00933D4F;
			remoteInfo = GitSearchiOS;
		};
		56EDCF9329896D9E00933D4F /* PBXContainerItemProxy */ = {
			isa = PBXContainerItemProxy;
			containerPortal = 5689AECA2982CC54004DA030 /* Project object */;
			proxyType = 1;
			remoteGlobalIDString = 56EDCF7829896D9B00933D4F;
			remoteInfo = GitSearchiOS;
		};
/* End PBXContainerItemProxy section */

/* Begin PBXFileReference section */
		561CD90529846691000ED5E2 /* RepositoriesListView.swift */ = {isa = PBXFileReference; lastKnownFileType = sourcecode.swift; path = RepositoriesListView.swift; sourceTree = "<group>"; };
		561CD909298466DA000ED5E2 /* RepositoriesListViewModel.swift */ = {isa = PBXFileReference; lastKnownFileType = sourcecode.swift; path = RepositoriesListViewModel.swift; sourceTree = "<group>"; };
		56447155298D888100E3EA42 /* QueryState.swift */ = {isa = PBXFileReference; lastKnownFileType = sourcecode.swift; path = QueryState.swift; sourceTree = "<group>"; };
		5689AED52982CC54004DA030 /* GitSearchApp.swift */ = {isa = PBXFileReference; lastKnownFileType = sourcecode.swift; path = GitSearchApp.swift; sourceTree = "<group>"; };
		5689AED72982CC54004DA030 /* HomeView.swift */ = {isa = PBXFileReference; lastKnownFileType = sourcecode.swift; path = HomeView.swift; sourceTree = "<group>"; };
		5689AED92982CC57004DA030 /* Assets.xcassets */ = {isa = PBXFileReference; lastKnownFileType = folder.assetcatalog; path = Assets.xcassets; sourceTree = "<group>"; };
		5689AEDC2982CC57004DA030 /* Preview Assets.xcassets */ = {isa = PBXFileReference; lastKnownFileType = folder.assetcatalog; path = "Preview Assets.xcassets"; sourceTree = "<group>"; };
		5689AEDE2982CC57004DA030 /* GitSearch.entitlements */ = {isa = PBXFileReference; lastKnownFileType = text.plist.entitlements; path = GitSearch.entitlements; sourceTree = "<group>"; };
		5689AEF12982CC57004DA030 /* GitSearchUITests.swift */ = {isa = PBXFileReference; lastKnownFileType = sourcecode.swift; path = GitSearchUITests.swift; sourceTree = "<group>"; };
		5689AEF32982CC57004DA030 /* GitSearchUITestsLaunchTests.swift */ = {isa = PBXFileReference; lastKnownFileType = sourcecode.swift; path = GitSearchUITestsLaunchTests.swift; sourceTree = "<group>"; };
		5690C7FE2988136B00AAA23A /* GitRepoViewCell.swift */ = {isa = PBXFileReference; lastKnownFileType = sourcecode.swift; path = GitRepoViewCell.swift; sourceTree = "<group>"; };
		5690C8022988158F00AAA23A /* Repository.swift */ = {isa = PBXFileReference; lastKnownFileType = sourcecode.swift; path = Repository.swift; sourceTree = "<group>"; };
		5690C8062988220300AAA23A /* NetworkService.swift */ = {isa = PBXFileReference; lastKnownFileType = sourcecode.swift; path = NetworkService.swift; sourceTree = "<group>"; };
		5690C8082988254900AAA23A /* NetworkClient.swift */ = {isa = PBXFileReference; lastKnownFileType = sourcecode.swift; path = NetworkClient.swift; sourceTree = "<group>"; };
		5690C80B298833D300AAA23A /* Date+StringFormats.swift */ = {isa = PBXFileReference; lastKnownFileType = sourcecode.swift; path = "Date+StringFormats.swift"; sourceTree = "<group>"; };
		56A3CE50298F7B1E00D07D63 /* RepositoryView.swift */ = {isa = PBXFileReference; lastKnownFileType = sourcecode.swift; path = RepositoryView.swift; sourceTree = "<group>"; };
		56A3CE52298F7B2900D07D63 /* RepositoryViewModel.swift */ = {isa = PBXFileReference; lastKnownFileType = sourcecode.swift; path = RepositoryViewModel.swift; sourceTree = "<group>"; };
		56A9CC9E299AA056009C628D /* RepositoriesListViewModelTests.swift */ = {isa = PBXFileReference; lastKnownFileType = sourcecode.swift; path = RepositoriesListViewModelTests.swift; sourceTree = "<group>"; };
		56A9CCA7299AA5ED009C628D /* RepositoryViewModelTests.swift */ = {isa = PBXFileReference; lastKnownFileType = sourcecode.swift; path = RepositoryViewModelTests.swift; sourceTree = "<group>"; };
		56A9CCAC299AA7E1009C628D /* QueryStateTests.swift */ = {isa = PBXFileReference; lastKnownFileType = sourcecode.swift; path = QueryStateTests.swift; sourceTree = "<group>"; };
		56A9CCAE299AA9F4009C628D /* RepositoryTests.swift */ = {isa = PBXFileReference; lastKnownFileType = sourcecode.swift; path = RepositoryTests.swift; sourceTree = "<group>"; };
		56EDCF7929896D9B00933D4F /* GitSearch.app */ = {isa = PBXFileReference; explicitFileType = wrapper.application; includeInIndex = 0; path = GitSearch.app; sourceTree = BUILT_PRODUCTS_DIR; };
		56EDCF8829896D9E00933D4F /* GitSearchTests.xctest */ = {isa = PBXFileReference; explicitFileType = wrapper.cfbundle; includeInIndex = 0; path = GitSearchTests.xctest; sourceTree = BUILT_PRODUCTS_DIR; };
		56EDCF9229896D9E00933D4F /* GitSearchUITests.xctest */ = {isa = PBXFileReference; explicitFileType = wrapper.cfbundle; includeInIndex = 0; path = GitSearchUITests.xctest; sourceTree = BUILT_PRODUCTS_DIR; };
		56EDCFAD29897B1400933D4F /* Future+AsyncWrapper.swift */ = {isa = PBXFileReference; lastKnownFileType = sourcecode.swift; path = "Future+AsyncWrapper.swift"; sourceTree = "<group>"; };
/* End PBXFileReference section */

/* Begin PBXFrameworksBuildPhase section */
		56EDCF7629896D9B00933D4F /* Frameworks */ = {
			isa = PBXFrameworksBuildPhase;
			buildActionMask = 2147483647;
			files = (
			);
			runOnlyForDeploymentPostprocessing = 0;
		};
		56EDCF8529896D9E00933D4F /* Frameworks */ = {
			isa = PBXFrameworksBuildPhase;
			buildActionMask = 2147483647;
			files = (
			);
			runOnlyForDeploymentPostprocessing = 0;
		};
		56EDCF8F29896D9E00933D4F /* Frameworks */ = {
			isa = PBXFrameworksBuildPhase;
			buildActionMask = 2147483647;
			files = (
			);
			runOnlyForDeploymentPostprocessing = 0;
		};
/* End PBXFrameworksBuildPhase section */

/* Begin PBXGroup section */
		561CD90729846696000ED5E2 /* RepositoriesListview */ = {
			isa = PBXGroup;
			children = (
				561CD90529846691000ED5E2 /* RepositoriesListView.swift */,
				561CD909298466DA000ED5E2 /* RepositoriesListViewModel.swift */,
			);
			path = RepositoriesListview;
			sourceTree = "<group>";
		};
		561CD908298466B0000ED5E2 /* FrontEnd */ = {
			isa = PBXGroup;
			children = (
				5690C7FD2988135100AAA23A /* Views */,
				5690C7FC2988134A00AAA23A /* Components */,
			);
			path = FrontEnd;
			sourceTree = "<group>";
		};
		5689AEC92982CC54004DA030 = {
			isa = PBXGroup;
			children = (
				5689AED42982CC54004DA030 /* GitSearch */,
				5689AEE62982CC57004DA030 /* GitSearchTests */,
				5689AEF02982CC57004DA030 /* GitSearchUITests */,
				5689AED32982CC54004DA030 /* Products */,
			);
			sourceTree = "<group>";
		};
		5689AED32982CC54004DA030 /* Products */ = {
			isa = PBXGroup;
			children = (
				56EDCF7929896D9B00933D4F /* GitSearch.app */,
				56EDCF8829896D9E00933D4F /* GitSearchTests.xctest */,
				56EDCF9229896D9E00933D4F /* GitSearchUITests.xctest */,
			);
			name = Products;
			sourceTree = "<group>";
		};
		5689AED42982CC54004DA030 /* GitSearch */ = {
			isa = PBXGroup;
			children = (
				5690C8002988157500AAA23A /* Backend */,
				561CD908298466B0000ED5E2 /* FrontEnd */,
				5689AED52982CC54004DA030 /* GitSearchApp.swift */,
				5689AED92982CC57004DA030 /* Assets.xcassets */,
				5689AEDE2982CC57004DA030 /* GitSearch.entitlements */,
				5689AEDB2982CC57004DA030 /* Preview Content */,
			);
			path = GitSearch;
			sourceTree = "<group>";
		};
		5689AEDB2982CC57004DA030 /* Preview Content */ = {
			isa = PBXGroup;
			children = (
				5689AEDC2982CC57004DA030 /* Preview Assets.xcassets */,
			);
			path = "Preview Content";
			sourceTree = "<group>";
		};
		5689AEE62982CC57004DA030 /* GitSearchTests */ = {
			isa = PBXGroup;
			children = (
				56A9CCAA299AA7C5009C628D /* Backend */,
				56A9CCA2299AA518009C628D /* FrontEnd */,
			);
			path = GitSearchTests;
			sourceTree = "<group>";
		};
		5689AEF02982CC57004DA030 /* GitSearchUITests */ = {
			isa = PBXGroup;
			children = (
				5689AEF12982CC57004DA030 /* GitSearchUITests.swift */,
				5689AEF32982CC57004DA030 /* GitSearchUITestsLaunchTests.swift */,
			);
			path = GitSearchUITests;
			sourceTree = "<group>";
		};
		5690C7FC2988134A00AAA23A /* Components */ = {
			isa = PBXGroup;
			children = (
				5690C7FE2988136B00AAA23A /* GitRepoViewCell.swift */,
			);
			path = Components;
			sourceTree = "<group>";
		};
		5690C7FD2988135100AAA23A /* Views */ = {
			isa = PBXGroup;
			children = (
				56A3CE4F298F784C00D07D63 /* RepositoryView */,
				56EDCFAC2989742D00933D4F /* HomeView */,
				561CD90729846696000ED5E2 /* RepositoriesListview */,
			);
			path = Views;
			sourceTree = "<group>";
		};
		5690C8002988157500AAA23A /* Backend */ = {
			isa = PBXGroup;
			children = (
				5690C80A2988330700AAA23A /* DataType + Extensions */,
				5690C80429881A6C00AAA23A /* Services */,
				5690C8012988157C00AAA23A /* Models */,
			);
			path = Backend;
			sourceTree = "<group>";
		};
		5690C8012988157C00AAA23A /* Models */ = {
			isa = PBXGroup;
			children = (
				5690C8022988158F00AAA23A /* Repository.swift */,
				56447155298D888100E3EA42 /* QueryState.swift */,
			);
			path = Models;
			sourceTree = "<group>";
		};
		5690C80429881A6C00AAA23A /* Services */ = {
			isa = PBXGroup;
			children = (
				5690C80529881B6500AAA23A /* APIServices */,
			);
			path = Services;
			sourceTree = "<group>";
		};
		5690C80529881B6500AAA23A /* APIServices */ = {
			isa = PBXGroup;
			children = (
				5690C8062988220300AAA23A /* NetworkService.swift */,
				5690C8082988254900AAA23A /* NetworkClient.swift */,
			);
			path = APIServices;
			sourceTree = "<group>";
		};
		5690C80A2988330700AAA23A /* DataType + Extensions */ = {
			isa = PBXGroup;
			children = (
				5690C80B298833D300AAA23A /* Date+StringFormats.swift */,
				56EDCFAD29897B1400933D4F /* Future+AsyncWrapper.swift */,
			);
			path = "DataType + Extensions";
			sourceTree = "<group>";
		};
		56A3CE4F298F784C00D07D63 /* RepositoryView */ = {
			isa = PBXGroup;
			children = (
				56A3CE50298F7B1E00D07D63 /* RepositoryView.swift */,
				56A3CE52298F7B2900D07D63 /* RepositoryViewModel.swift */,
			);
			path = RepositoryView;
			sourceTree = "<group>";
		};
		56A9CCA2299AA518009C628D /* FrontEnd */ = {
			isa = PBXGroup;
			children = (
				56A9CCA4299AA52B009C628D /* Views */,
			);
			path = FrontEnd;
			sourceTree = "<group>";
		};
		56A9CCA4299AA52B009C628D /* Views */ = {
			isa = PBXGroup;
			children = (
				56A9CCA6299AA5CD009C628D /* RepositoryViewTests */,
				56A9CCA5299AA533009C628D /* RepositoriesListViewTests */,
			);
			path = Views;
			sourceTree = "<group>";
		};
		56A9CCA5299AA533009C628D /* RepositoriesListViewTests */ = {
			isa = PBXGroup;
			children = (
				56A9CC9E299AA056009C628D /* RepositoriesListViewModelTests.swift */,
			);
			path = RepositoriesListViewTests;
			sourceTree = "<group>";
		};
		56A9CCA6299AA5CD009C628D /* RepositoryViewTests */ = {
			isa = PBXGroup;
			children = (
				56A9CCA7299AA5ED009C628D /* RepositoryViewModelTests.swift */,
			);
			path = RepositoryViewTests;
			sourceTree = "<group>";
		};
		56A9CCAA299AA7C5009C628D /* Backend */ = {
			isa = PBXGroup;
			children = (
				56A9CCAB299AA7CD009C628D /* Models */,
			);
			path = Backend;
			sourceTree = "<group>";
		};
		56A9CCAB299AA7CD009C628D /* Models */ = {
			isa = PBXGroup;
			children = (
				56A9CCAC299AA7E1009C628D /* QueryStateTests.swift */,
				56A9CCAE299AA9F4009C628D /* RepositoryTests.swift */,
			);
			path = Models;
			sourceTree = "<group>";
		};
		56EDCFAC2989742D00933D4F /* HomeView */ = {
			isa = PBXGroup;
			children = (
				5689AED72982CC54004DA030 /* HomeView.swift */,
			);
			path = HomeView;
			sourceTree = "<group>";
		};
/* End PBXGroup section */

/* Begin PBXNativeTarget section */
		56EDCF7829896D9B00933D4F /* GitSearch */ = {
			isa = PBXNativeTarget;
			buildConfigurationList = 56EDCFA029896D9E00933D4F /* Build configuration list for PBXNativeTarget "GitSearch" */;
			buildPhases = (
				56EDCF7529896D9B00933D4F /* Sources */,
				56EDCF7629896D9B00933D4F /* Frameworks */,
				56EDCF7729896D9B00933D4F /* Resources */,
			);
			buildRules = (
			);
			dependencies = (
			);
			name = GitSearch;
			productName = GitSearchiOS;
			productReference = 56EDCF7929896D9B00933D4F /* GitSearch.app */;
			productType = "com.apple.product-type.application";
		};
		56EDCF8729896D9E00933D4F /* GitSearchTests */ = {
			isa = PBXNativeTarget;
			buildConfigurationList = 56EDCFA129896D9E00933D4F /* Build configuration list for PBXNativeTarget "GitSearchTests" */;
			buildPhases = (
				56EDCF8429896D9E00933D4F /* Sources */,
				56EDCF8529896D9E00933D4F /* Frameworks */,
				56EDCF8629896D9E00933D4F /* Resources */,
			);
			buildRules = (
			);
			dependencies = (
				56EDCF8A29896D9E00933D4F /* PBXTargetDependency */,
			);
			name = GitSearchTests;
			productName = GitSearchiOSTests;
			productReference = 56EDCF8829896D9E00933D4F /* GitSearchTests.xctest */;
			productType = "com.apple.product-type.bundle.unit-test";
		};
		56EDCF9129896D9E00933D4F /* GitSearchUITests */ = {
			isa = PBXNativeTarget;
			buildConfigurationList = 56EDCFA229896D9E00933D4F /* Build configuration list for PBXNativeTarget "GitSearchUITests" */;
			buildPhases = (
				56EDCF8E29896D9E00933D4F /* Sources */,
				56EDCF8F29896D9E00933D4F /* Frameworks */,
				56EDCF9029896D9E00933D4F /* Resources */,
			);
			buildRules = (
			);
			dependencies = (
				56EDCF9429896D9E00933D4F /* PBXTargetDependency */,
			);
			name = GitSearchUITests;
			productName = GitSearchiOSUITests;
			productReference = 56EDCF9229896D9E00933D4F /* GitSearchUITests.xctest */;
			productType = "com.apple.product-type.bundle.ui-testing";
		};
/* End PBXNativeTarget section */

/* Begin PBXProject section */
		5689AECA2982CC54004DA030 /* Project object */ = {
			isa = PBXProject;
			attributes = {
				BuildIndependentTargetsInParallel = 1;
				LastSwiftUpdateCheck = 1420;
				LastUpgradeCheck = 1420;
				TargetAttributes = {
					56EDCF7829896D9B00933D4F = {
						CreatedOnToolsVersion = 14.2;
					};
					56EDCF8729896D9E00933D4F = {
						CreatedOnToolsVersion = 14.2;
						LastSwiftMigration = 1420;
						TestTargetID = 56EDCF7829896D9B00933D4F;
					};
					56EDCF9129896D9E00933D4F = {
						CreatedOnToolsVersion = 14.2;
						TestTargetID = 56EDCF7829896D9B00933D4F;
					};
				};
			};
			buildConfigurationList = 5689AECD2982CC54004DA030 /* Build configuration list for PBXProject "GitSearch" */;
			compatibilityVersion = "Xcode 14.0";
			developmentRegion = en;
			hasScannedForEncodings = 0;
			knownRegions = (
				en,
				Base,
			);
			mainGroup = 5689AEC92982CC54004DA030;
			productRefGroup = 5689AED32982CC54004DA030 /* Products */;
			projectDirPath = "";
			projectRoot = "";
			targets = (
				56EDCF7829896D9B00933D4F /* GitSearch */,
				56EDCF8729896D9E00933D4F /* GitSearchTests */,
				56EDCF9129896D9E00933D4F /* GitSearchUITests */,
			);
		};
/* End PBXProject section */

/* Begin PBXResourcesBuildPhase section */
		56EDCF7729896D9B00933D4F /* Resources */ = {
			isa = PBXResourcesBuildPhase;
			buildActionMask = 2147483647;
			files = (
			);
			runOnlyForDeploymentPostprocessing = 0;
		};
		56EDCF8629896D9E00933D4F /* Resources */ = {
			isa = PBXResourcesBuildPhase;
			buildActionMask = 2147483647;
			files = (
			);
			runOnlyForDeploymentPostprocessing = 0;
		};
		56EDCF9029896D9E00933D4F /* Resources */ = {
			isa = PBXResourcesBuildPhase;
			buildActionMask = 2147483647;
			files = (
			);
			runOnlyForDeploymentPostprocessing = 0;
		};
/* End PBXResourcesBuildPhase section */

/* Begin PBXSourcesBuildPhase section */
		56EDCF7529896D9B00933D4F /* Sources */ = {
			isa = PBXSourcesBuildPhase;
			buildActionMask = 2147483647;
			files = (
				56EDCFA429896E5500933D4F /* GitSearchApp.swift in Sources */,
				56A3CE53298F7B2900D07D63 /* RepositoryViewModel.swift in Sources */,
				56EDCFAA29896E6900933D4F /* NetworkClient.swift in Sources */,
				56A3CE51298F7B1E00D07D63 /* RepositoryView.swift in Sources */,
				56EDCFA529896E5800933D4F /* GitRepoViewCell.swift in Sources */,
				56447156298D888100E3EA42 /* QueryState.swift in Sources */,
				56EDCFAE29897B1400933D4F /* Future+AsyncWrapper.swift in Sources */,
				56EDCFA929896E6600933D4F /* NetworkService.swift in Sources */,
				56EDCFA629896E5B00933D4F /* RepositoriesListViewModel.swift in Sources */,
				56EDCFA729896E5D00933D4F /* RepositoriesListView.swift in Sources */,
				56EDCFA329896E5000933D4F /* HomeView.swift in Sources */,
				56EDCFA829896E6400933D4F /* Date+StringFormats.swift in Sources */,
				56EDCFAB29896F3D00933D4F /* Repository.swift in Sources */,
			);
			runOnlyForDeploymentPostprocessing = 0;
		};
		56EDCF8429896D9E00933D4F /* Sources */ = {
			isa = PBXSourcesBuildPhase;
			buildActionMask = 2147483647;
			files = (
				56A9CCA8299AA5ED009C628D /* RepositoryViewModelTests.swift in Sources */,
				56A9CCAD299AA7E1009C628D /* QueryStateTests.swift in Sources */,
				56A9CC9F299AA056009C628D /* RepositoriesListViewModelTests.swift in Sources */,
				56A9CCAF299AA9F4009C628D /* RepositoryTests.swift in Sources */,
			);
			runOnlyForDeploymentPostprocessing = 0;
		};
		56EDCF8E29896D9E00933D4F /* Sources */ = {
			isa = PBXSourcesBuildPhase;
			buildActionMask = 2147483647;
			files = (
			);
			runOnlyForDeploymentPostprocessing = 0;
		};
/* End PBXSourcesBuildPhase section */

/* Begin PBXTargetDependency section */
		56EDCF8A29896D9E00933D4F /* PBXTargetDependency */ = {
			isa = PBXTargetDependency;
			target = 56EDCF7829896D9B00933D4F /* GitSearch */;
			targetProxy = 56EDCF8929896D9E00933D4F /* PBXContainerItemProxy */;
		};
		56EDCF9429896D9E00933D4F /* PBXTargetDependency */ = {
			isa = PBXTargetDependency;
			target = 56EDCF7829896D9B00933D4F /* GitSearch */;
			targetProxy = 56EDCF9329896D9E00933D4F /* PBXContainerItemProxy */;
		};
/* End PBXTargetDependency section */

/* Begin XCBuildConfiguration section */
		5689AEF52982CC57004DA030 /* Debug */ = {
			isa = XCBuildConfiguration;
			buildSettings = {
				ALWAYS_SEARCH_USER_PATHS = NO;
				CLANG_ANALYZER_NONNULL = YES;
				CLANG_ANALYZER_NUMBER_OBJECT_CONVERSION = YES_AGGRESSIVE;
				CLANG_CXX_LANGUAGE_STANDARD = "gnu++20";
				CLANG_ENABLE_MODULES = YES;
				CLANG_ENABLE_OBJC_ARC = YES;
				CLANG_ENABLE_OBJC_WEAK = YES;
				CLANG_WARN_BLOCK_CAPTURE_AUTORELEASING = YES;
				CLANG_WARN_BOOL_CONVERSION = YES;
				CLANG_WARN_COMMA = YES;
				CLANG_WARN_CONSTANT_CONVERSION = YES;
				CLANG_WARN_DEPRECATED_OBJC_IMPLEMENTATIONS = YES;
				CLANG_WARN_DIRECT_OBJC_ISA_USAGE = YES_ERROR;
				CLANG_WARN_DOCUMENTATION_COMMENTS = YES;
				CLANG_WARN_EMPTY_BODY = YES;
				CLANG_WARN_ENUM_CONVERSION = YES;
				CLANG_WARN_INFINITE_RECURSION = YES;
				CLANG_WARN_INT_CONVERSION = YES;
				CLANG_WARN_NON_LITERAL_NULL_CONVERSION = YES;
				CLANG_WARN_OBJC_IMPLICIT_RETAIN_SELF = YES;
				CLANG_WARN_OBJC_LITERAL_CONVERSION = YES;
				CLANG_WARN_OBJC_ROOT_CLASS = YES_ERROR;
				CLANG_WARN_QUOTED_INCLUDE_IN_FRAMEWORK_HEADER = YES;
				CLANG_WARN_RANGE_LOOP_ANALYSIS = YES;
				CLANG_WARN_STRICT_PROTOTYPES = YES;
				CLANG_WARN_SUSPICIOUS_MOVE = YES;
				CLANG_WARN_UNGUARDED_AVAILABILITY = YES_AGGRESSIVE;
				CLANG_WARN_UNREACHABLE_CODE = YES;
				CLANG_WARN__DUPLICATE_METHOD_MATCH = YES;
				COPY_PHASE_STRIP = NO;
				DEBUG_INFORMATION_FORMAT = dwarf;
				ENABLE_STRICT_OBJC_MSGSEND = YES;
				ENABLE_TESTABILITY = YES;
				GCC_C_LANGUAGE_STANDARD = gnu11;
				GCC_DYNAMIC_NO_PIC = NO;
				GCC_NO_COMMON_BLOCKS = YES;
				GCC_OPTIMIZATION_LEVEL = 0;
				GCC_PREPROCESSOR_DEFINITIONS = (
					"DEBUG=1",
					"$(inherited)",
				);
				GCC_WARN_64_TO_32_BIT_CONVERSION = YES;
				GCC_WARN_ABOUT_RETURN_TYPE = YES_ERROR;
				GCC_WARN_UNDECLARED_SELECTOR = YES;
				GCC_WARN_UNINITIALIZED_AUTOS = YES_AGGRESSIVE;
				GCC_WARN_UNUSED_FUNCTION = YES;
				GCC_WARN_UNUSED_VARIABLE = YES;
				IPHONEOS_DEPLOYMENT_TARGET = 16.2;
				MACOSX_DEPLOYMENT_TARGET = 13.1;
				MTL_ENABLE_DEBUG_INFO = INCLUDE_SOURCE;
				MTL_FAST_MATH = YES;
				ONLY_ACTIVE_ARCH = YES;
				SDKROOT = iphoneos;
				SWIFT_ACTIVE_COMPILATION_CONDITIONS = DEBUG;
				SWIFT_OPTIMIZATION_LEVEL = "-Onone";
			};
			name = Debug;
		};
		5689AEF62982CC57004DA030 /* Release */ = {
			isa = XCBuildConfiguration;
			buildSettings = {
				ALWAYS_SEARCH_USER_PATHS = NO;
				CLANG_ANALYZER_NONNULL = YES;
				CLANG_ANALYZER_NUMBER_OBJECT_CONVERSION = YES_AGGRESSIVE;
				CLANG_CXX_LANGUAGE_STANDARD = "gnu++20";
				CLANG_ENABLE_MODULES = YES;
				CLANG_ENABLE_OBJC_ARC = YES;
				CLANG_ENABLE_OBJC_WEAK = YES;
				CLANG_WARN_BLOCK_CAPTURE_AUTORELEASING = YES;
				CLANG_WARN_BOOL_CONVERSION = YES;
				CLANG_WARN_COMMA = YES;
				CLANG_WARN_CONSTANT_CONVERSION = YES;
				CLANG_WARN_DEPRECATED_OBJC_IMPLEMENTATIONS = YES;
				CLANG_WARN_DIRECT_OBJC_ISA_USAGE = YES_ERROR;
				CLANG_WARN_DOCUMENTATION_COMMENTS = YES;
				CLANG_WARN_EMPTY_BODY = YES;
				CLANG_WARN_ENUM_CONVERSION = YES;
				CLANG_WARN_INFINITE_RECURSION = YES;
				CLANG_WARN_INT_CONVERSION = YES;
				CLANG_WARN_NON_LITERAL_NULL_CONVERSION = YES;
				CLANG_WARN_OBJC_IMPLICIT_RETAIN_SELF = YES;
				CLANG_WARN_OBJC_LITERAL_CONVERSION = YES;
				CLANG_WARN_OBJC_ROOT_CLASS = YES_ERROR;
				CLANG_WARN_QUOTED_INCLUDE_IN_FRAMEWORK_HEADER = YES;
				CLANG_WARN_RANGE_LOOP_ANALYSIS = YES;
				CLANG_WARN_STRICT_PROTOTYPES = YES;
				CLANG_WARN_SUSPICIOUS_MOVE = YES;
				CLANG_WARN_UNGUARDED_AVAILABILITY = YES_AGGRESSIVE;
				CLANG_WARN_UNREACHABLE_CODE = YES;
				CLANG_WARN__DUPLICATE_METHOD_MATCH = YES;
				COPY_PHASE_STRIP = NO;
				DEBUG_INFORMATION_FORMAT = "dwarf-with-dsym";
				ENABLE_NS_ASSERTIONS = NO;
				ENABLE_STRICT_OBJC_MSGSEND = YES;
				GCC_C_LANGUAGE_STANDARD = gnu11;
				GCC_NO_COMMON_BLOCKS = YES;
				GCC_WARN_64_TO_32_BIT_CONVERSION = YES;
				GCC_WARN_ABOUT_RETURN_TYPE = YES_ERROR;
				GCC_WARN_UNDECLARED_SELECTOR = YES;
				GCC_WARN_UNINITIALIZED_AUTOS = YES_AGGRESSIVE;
				GCC_WARN_UNUSED_FUNCTION = YES;
				GCC_WARN_UNUSED_VARIABLE = YES;
				IPHONEOS_DEPLOYMENT_TARGET = 16.2;
				MACOSX_DEPLOYMENT_TARGET = 13.1;
				MTL_ENABLE_DEBUG_INFO = NO;
				MTL_FAST_MATH = YES;
				SDKROOT = iphoneos;
				SWIFT_COMPILATION_MODE = wholemodule;
				SWIFT_OPTIMIZATION_LEVEL = "-O";
			};
			name = Release;
		};
		56EDCF9A29896D9E00933D4F /* Debug */ = {
			isa = XCBuildConfiguration;
			buildSettings = {
				ASSETCATALOG_COMPILER_APPICON_NAME = AppIcon;
				ASSETCATALOG_COMPILER_GLOBAL_ACCENT_COLOR_NAME = AccentColor;
				CODE_SIGN_STYLE = Automatic;
				CURRENT_PROJECT_VERSION = 1;
				DEVELOPMENT_ASSET_PATHS = "\"GitSearch/Preview Content\"";
				DEVELOPMENT_TEAM = SV27Y5WTR5;
				ENABLE_PREVIEWS = YES;
				GENERATE_INFOPLIST_FILE = YES;
				INFOPLIST_KEY_UIApplicationSceneManifest_Generation = YES;
				INFOPLIST_KEY_UIApplicationSupportsIndirectInputEvents = YES;
				INFOPLIST_KEY_UILaunchScreen_Generation = YES;
				INFOPLIST_KEY_UISupportedInterfaceOrientations_iPad = "UIInterfaceOrientationPortrait UIInterfaceOrientationPortraitUpsideDown UIInterfaceOrientationLandscapeLeft UIInterfaceOrientationLandscapeRight";
				INFOPLIST_KEY_UISupportedInterfaceOrientations_iPhone = "UIInterfaceOrientationPortrait UIInterfaceOrientationLandscapeLeft UIInterfaceOrientationLandscapeRight";
				IPHONEOS_DEPLOYMENT_TARGET = 16.2;
				LD_RUNPATH_SEARCH_PATHS = (
					"$(inherited)",
					"@executable_path/Frameworks",
				);
				MARKETING_VERSION = 1.0;
				PRODUCT_BUNDLE_IDENTIFIER = ForwardStudios.GitSearch;
				PRODUCT_NAME = "$(TARGET_NAME)";
				SDKROOT = iphoneos;
				SWIFT_EMIT_LOC_STRINGS = YES;
				SWIFT_VERSION = 5.0;
				TARGETED_DEVICE_FAMILY = "1,2";
			};
			name = Debug;
		};
		56EDCF9B29896D9E00933D4F /* Release */ = {
			isa = XCBuildConfiguration;
			buildSettings = {
				ASSETCATALOG_COMPILER_APPICON_NAME = AppIcon;
				ASSETCATALOG_COMPILER_GLOBAL_ACCENT_COLOR_NAME = AccentColor;
				CODE_SIGN_STYLE = Automatic;
				CURRENT_PROJECT_VERSION = 1;
				DEVELOPMENT_ASSET_PATHS = "\"GitSearch/Preview Content\"";
				DEVELOPMENT_TEAM = SV27Y5WTR5;
				ENABLE_PREVIEWS = YES;
				GENERATE_INFOPLIST_FILE = YES;
				INFOPLIST_KEY_UIApplicationSceneManifest_Generation = YES;
				INFOPLIST_KEY_UIApplicationSupportsIndirectInputEvents = YES;
				INFOPLIST_KEY_UILaunchScreen_Generation = YES;
				INFOPLIST_KEY_UISupportedInterfaceOrientations_iPad = "UIInterfaceOrientationPortrait UIInterfaceOrientationPortraitUpsideDown UIInterfaceOrientationLandscapeLeft UIInterfaceOrientationLandscapeRight";
				INFOPLIST_KEY_UISupportedInterfaceOrientations_iPhone = "UIInterfaceOrientationPortrait UIInterfaceOrientationLandscapeLeft UIInterfaceOrientationLandscapeRight";
				IPHONEOS_DEPLOYMENT_TARGET = 16.2;
				LD_RUNPATH_SEARCH_PATHS = (
					"$(inherited)",
					"@executable_path/Frameworks",
				);
				MARKETING_VERSION = 1.0;
				PRODUCT_BUNDLE_IDENTIFIER = ForwardStudios.GitSearch;
				PRODUCT_NAME = "$(TARGET_NAME)";
				SDKROOT = iphoneos;
				SWIFT_EMIT_LOC_STRINGS = YES;
				SWIFT_VERSION = 5.0;
				TARGETED_DEVICE_FAMILY = "1,2";
				VALIDATE_PRODUCT = YES;
			};
			name = Release;
		};
		56EDCF9C29896D9E00933D4F /* Debug */ = {
			isa = XCBuildConfiguration;
			buildSettings = {
				ALWAYS_EMBED_SWIFT_STANDARD_LIBRARIES = YES;
				BUNDLE_LOADER = "$(TEST_HOST)";
				CLANG_ENABLE_MODULES = YES;
				CODE_SIGN_STYLE = Automatic;
				CURRENT_PROJECT_VERSION = 1;
				DEVELOPMENT_TEAM = SV27Y5WTR5;
				GENERATE_INFOPLIST_FILE = YES;
				IPHONEOS_DEPLOYMENT_TARGET = 16.2;
				LD_RUNPATH_SEARCH_PATHS = (
					"$(inherited)",
					"@executable_path/Frameworks",
					"@loader_path/Frameworks",
				);
				MARKETING_VERSION = 1.0;
				PRODUCT_BUNDLE_IDENTIFIER = ForwardStudios.GitSearchiOSTests;
				PRODUCT_NAME = "$(TARGET_NAME)";
				SDKROOT = iphoneos;
				SUPPORTED_PLATFORMS = "iphoneos iphonesimulator";
				SUPPORTS_MACCATALYST = NO;
				SUPPORTS_MAC_DESIGNED_FOR_IPHONE_IPAD = NO;
				SWIFT_EMIT_LOC_STRINGS = NO;
				SWIFT_OPTIMIZATION_LEVEL = "-Onone";
				SWIFT_VERSION = 5.0;
				TARGETED_DEVICE_FAMILY = 1;
				TEST_HOST = "$(BUILT_PRODUCTS_DIR)/GitSearch.app/$(BUNDLE_EXECUTABLE_FOLDER_PATH)/GitSearch";
			};
			name = Debug;
		};
		56EDCF9D29896D9E00933D4F /* Release */ = {
			isa = XCBuildConfiguration;
			buildSettings = {
				ALWAYS_EMBED_SWIFT_STANDARD_LIBRARIES = YES;
				BUNDLE_LOADER = "$(TEST_HOST)";
				CLANG_ENABLE_MODULES = YES;
				CODE_SIGN_STYLE = Automatic;
				CURRENT_PROJECT_VERSION = 1;
				DEVELOPMENT_TEAM = SV27Y5WTR5;
				GENERATE_INFOPLIST_FILE = YES;
				IPHONEOS_DEPLOYMENT_TARGET = 16.2;
				LD_RUNPATH_SEARCH_PATHS = (
					"$(inherited)",
					"@executable_path/Frameworks",
					"@loader_path/Frameworks",
				);
				MARKETING_VERSION = 1.0;
				PRODUCT_BUNDLE_IDENTIFIER = ForwardStudios.GitSearchiOSTests;
				PRODUCT_NAME = "$(TARGET_NAME)";
				SDKROOT = iphoneos;
				SUPPORTED_PLATFORMS = "iphoneos iphonesimulator";
				SUPPORTS_MACCATALYST = NO;
				SUPPORTS_MAC_DESIGNED_FOR_IPHONE_IPAD = NO;
				SWIFT_EMIT_LOC_STRINGS = NO;
				SWIFT_VERSION = 5.0;
				TARGETED_DEVICE_FAMILY = 1;
				TEST_HOST = "$(BUILT_PRODUCTS_DIR)/GitSearch.app/$(BUNDLE_EXECUTABLE_FOLDER_PATH)/GitSearch";
				VALIDATE_PRODUCT = YES;
			};
			name = Release;
		};
		56EDCF9E29896D9E00933D4F /* Debug */ = {
			isa = XCBuildConfiguration;
			buildSettings = {
				ALWAYS_EMBED_SWIFT_STANDARD_LIBRARIES = YES;
				CODE_SIGN_STYLE = Automatic;
				CURRENT_PROJECT_VERSION = 1;
				DEVELOPMENT_TEAM = SV27Y5WTR5;
				GENERATE_INFOPLIST_FILE = YES;
				IPHONEOS_DEPLOYMENT_TARGET = 16.2;
				MARKETING_VERSION = 1.0;
				PRODUCT_BUNDLE_IDENTIFIER = ForwardStudios.GitSearchiOSUITests;
				PRODUCT_NAME = "$(TARGET_NAME)";
				SDKROOT = iphoneos;
				SUPPORTED_PLATFORMS = "iphoneos iphonesimulator";
				SUPPORTS_MACCATALYST = NO;
				SUPPORTS_MAC_DESIGNED_FOR_IPHONE_IPAD = NO;
				SWIFT_EMIT_LOC_STRINGS = NO;
				SWIFT_VERSION = 5.0;
				TARGETED_DEVICE_FAMILY = 1;
				TEST_TARGET_NAME = GitSearchiOS;
			};
			name = Debug;
		};
		56EDCF9F29896D9E00933D4F /* Release */ = {
			isa = XCBuildConfiguration;
			buildSettings = {
				ALWAYS_EMBED_SWIFT_STANDARD_LIBRARIES = YES;
				CODE_SIGN_STYLE = Automatic;
				CURRENT_PROJECT_VERSION = 1;
				DEVELOPMENT_TEAM = SV27Y5WTR5;
				GENERATE_INFOPLIST_FILE = YES;
				IPHONEOS_DEPLOYMENT_TARGET = 16.2;
				MARKETING_VERSION = 1.0;
				PRODUCT_BUNDLE_IDENTIFIER = ForwardStudios.GitSearchiOSUITests;
				PRODUCT_NAME = "$(TARGET_NAME)";
				SDKROOT = iphoneos;
				SUPPORTED_PLATFORMS = "iphoneos iphonesimulator";
				SUPPORTS_MACCATALYST = NO;
				SUPPORTS_MAC_DESIGNED_FOR_IPHONE_IPAD = NO;
				SWIFT_EMIT_LOC_STRINGS = NO;
				SWIFT_VERSION = 5.0;
				TARGETED_DEVICE_FAMILY = 1;
				TEST_TARGET_NAME = GitSearchiOS;
				VALIDATE_PRODUCT = YES;
			};
			name = Release;
		};
/* End XCBuildConfiguration section */

/* Begin XCConfigurationList section */
		5689AECD2982CC54004DA030 /* Build configuration list for PBXProject "GitSearch" */ = {
			isa = XCConfigurationList;
			buildConfigurations = (
				5689AEF52982CC57004DA030 /* Debug */,
				5689AEF62982CC57004DA030 /* Release */,
			);
			defaultConfigurationIsVisible = 0;
			defaultConfigurationName = Release;
		};
		56EDCFA029896D9E00933D4F /* Build configuration list for PBXNativeTarget "GitSearch" */ = {
			isa = XCConfigurationList;
			buildConfigurations = (
				56EDCF9A29896D9E00933D4F /* Debug */,
				56EDCF9B29896D9E00933D4F /* Release */,
			);
			defaultConfigurationIsVisible = 0;
			defaultConfigurationName = Release;
		};
		56EDCFA129896D9E00933D4F /* Build configuration list for PBXNativeTarget "GitSearchTests" */ = {
			isa = XCConfigurationList;
			buildConfigurations = (
				56EDCF9C29896D9E00933D4F /* Debug */,
				56EDCF9D29896D9E00933D4F /* Release */,
			);
			defaultConfigurationIsVisible = 0;
			defaultConfigurationName = Release;
		};
		56EDCFA229896D9E00933D4F /* Build configuration list for PBXNativeTarget "GitSearchUITests" */ = {
			isa = XCConfigurationList;
			buildConfigurations = (
				56EDCF9E29896D9E00933D4F /* Debug */,
				56EDCF9F29896D9E00933D4F /* Release */,
			);
			defaultConfigurationIsVisible = 0;
			defaultConfigurationName = Release;
		};
/* End XCConfigurationList section */
	};
	rootObject = 5689AECA2982CC54004DA030 /* Project object */;
}
